
Microsoft Visual Studio Solution File, Format Version 12.00
# Visual Studio 15
VisualStudioVersion = 15.0.26124.0
MinimumVisualStudioVersion = 15.0.26124.0
Project("{FAE04EC0-301F-11D3-BF4B-00C04F79EFBC}") = "PomotrServer", "PomotrService\PomotrServer.csproj", "{AF6282DC-D598-4587-9092-4BD0FBD96EB5}"
EndProject
Project("{FAE04EC0-301F-11D3-BF4B-00C04F79EFBC}") = "PomotrService.Tests", "PomotrService.Tests\PomotrService.Tests.csproj", "{D9EBF035-A921-4612-8E2E-2CED7A014B8F}"
EndProject
Project("{FAE04EC0-301F-11D3-BF4B-00C04F79EFBC}") = "PomotrDomain", "PomotrDomain\PomotrDomain.csproj", "{C0B28AB9-72FD-4D36-9CB7-E3E4BB82568E}"
EndProject
Project("{FAE04EC0-301F-11D3-BF4B-00C04F79EFBC}") = "PomotrApp", "PomotrApp\PomotrApp.csproj", "{B37A4419-D45F-421B-AFE2-D113C6AE7743}"
EndProject
Project("{FAE04EC0-301F-11D3-BF4B-00C04F79EFBC}") = "PomotrApp.Tests", "PomotrApp.Tests\PomotrApp.Tests.csproj", "{A27D1FB3-E4AC-408F-A463-C05F93964C72}"
EndProject
Global
	GlobalSection(SolutionConfigurationPlatforms) = preSolution
		Debug|Any CPU = Debug|Any CPU
		Debug|x64 = Debug|x64
		Debug|x86 = Debug|x86
		Release|Any CPU = Release|Any CPU
		Release|x64 = Release|x64
		Release|x86 = Release|x86
	EndGlobalSection
	GlobalSection(SolutionProperties) = preSolution
		HideSolutionNode = FALSE
	EndGlobalSection
	GlobalSection(ProjectConfigurationPlatforms) = postSolution
		{AF6282DC-D598-4587-9092-4BD0FBD96EB5}.Debug|Any CPU.ActiveCfg = Debug|Any CPU
		{AF6282DC-D598-4587-9092-4BD0FBD96EB5}.Debug|Any CPU.Build.0 = Debug|Any CPU
		{AF6282DC-D598-4587-9092-4BD0FBD96EB5}.Debug|x64.ActiveCfg = Debug|Any CPU
		{AF6282DC-D598-4587-9092-4BD0FBD96EB5}.Debug|x64.Build.0 = Debug|Any CPU
		{AF6282DC-D598-4587-9092-4BD0FBD96EB5}.Debug|x86.ActiveCfg = Debug|Any CPU
		{AF6282DC-D598-4587-9092-4BD0FBD96EB5}.Debug|x86.Build.0 = Debug|Any CPU
		{AF6282DC-D598-4587-9092-4BD0FBD96EB5}.Release|Any CPU.ActiveCfg = Release|Any CPU
		{AF6282DC-D598-4587-9092-4BD0FBD96EB5}.Release|Any CPU.Build.0 = Release|Any CPU
		{AF6282DC-D598-4587-9092-4BD0FBD96EB5}.Release|x64.ActiveCfg = Release|Any CPU
		{AF6282DC-D598-4587-9092-4BD0FBD96EB5}.Release|x64.Build.0 = Release|Any CPU
		{AF6282DC-D598-4587-9092-4BD0FBD96EB5}.Release|x86.ActiveCfg = Release|Any CPU
		{AF6282DC-D598-4587-9092-4BD0FBD96EB5}.Release|x86.Build.0 = Release|Any CPU
		{D9EBF035-A921-4612-8E2E-2CED7A014B8F}.Debug|Any CPU.ActiveCfg = Debug|Any CPU
		{D9EBF035-A921-4612-8E2E-2CED7A014B8F}.Debug|Any CPU.Build.0 = Debug|Any CPU
		{D9EBF035-A921-4612-8E2E-2CED7A014B8F}.Debug|x64.ActiveCfg = Debug|Any CPU
		{D9EBF035-A921-4612-8E2E-2CED7A014B8F}.Debug|x64.Build.0 = Debug|Any CPU
		{D9EBF035-A921-4612-8E2E-2CED7A014B8F}.Debug|x86.ActiveCfg = Debug|Any CPU
		{D9EBF035-A921-4612-8E2E-2CED7A014B8F}.Debug|x86.Build.0 = Debug|Any CPU
		{D9EBF035-A921-4612-8E2E-2CED7A014B8F}.Release|Any CPU.ActiveCfg = Release|Any CPU
		{D9EBF035-A921-4612-8E2E-2CED7A014B8F}.Release|Any CPU.Build.0 = Release|Any CPU
		{D9EBF035-A921-4612-8E2E-2CED7A014B8F}.Release|x64.ActiveCfg = Release|Any CPU
		{D9EBF035-A921-4612-8E2E-2CED7A014B8F}.Release|x64.Build.0 = Release|Any CPU
		{D9EBF035-A921-4612-8E2E-2CED7A014B8F}.Release|x86.ActiveCfg = Release|Any CPU
		{D9EBF035-A921-4612-8E2E-2CED7A014B8F}.Release|x86.Build.0 = Release|Any CPU
		{C0B28AB9-72FD-4D36-9CB7-E3E4BB82568E}.Debug|Any CPU.ActiveCfg = Debug|Any CPU
		{C0B28AB9-72FD-4D36-9CB7-E3E4BB82568E}.Debug|Any CPU.Build.0 = Debug|Any CPU
		{C0B28AB9-72FD-4D36-9CB7-E3E4BB82568E}.Debug|x64.ActiveCfg = Debug|Any CPU
		{C0B28AB9-72FD-4D36-9CB7-E3E4BB82568E}.Debug|x64.Build.0 = Debug|Any CPU
		{C0B28AB9-72FD-4D36-9CB7-E3E4BB82568E}.Debug|x86.ActiveCfg = Debug|Any CPU
		{C0B28AB9-72FD-4D36-9CB7-E3E4BB82568E}.Debug|x86.Build.0 = Debug|Any CPU
		{C0B28AB9-72FD-4D36-9CB7-E3E4BB82568E}.Release|Any CPU.ActiveCfg = Release|Any CPU
		{C0B28AB9-72FD-4D36-9CB7-E3E4BB82568E}.Release|Any CPU.Build.0 = Release|Any CPU
		{C0B28AB9-72FD-4D36-9CB7-E3E4BB82568E}.Release|x64.ActiveCfg = Release|Any CPU
		{C0B28AB9-72FD-4D36-9CB7-E3E4BB82568E}.Release|x64.Build.0 = Release|Any CPU
		{C0B28AB9-72FD-4D36-9CB7-E3E4BB82568E}.Release|x86.ActiveCfg = Release|Any CPU
		{C0B28AB9-72FD-4D36-9CB7-E3E4BB82568E}.Release|x86.Build.0 = Release|Any CPU
		{B37A4419-D45F-421B-AFE2-D113C6AE7743}.Debug|Any CPU.ActiveCfg = Debug|Any CPU
		{B37A4419-D45F-421B-AFE2-D113C6AE7743}.Debug|Any CPU.Build.0 = Debug|Any CPU
		{B37A4419-D45F-421B-AFE2-D113C6AE7743}.Debug|x64.ActiveCfg = Debug|Any CPU
		{B37A4419-D45F-421B-AFE2-D113C6AE7743}.Debug|x64.Build.0 = Debug|Any CPU
		{B37A4419-D45F-421B-AFE2-D113C6AE7743}.Debug|x86.ActiveCfg = Debug|Any CPU
		{B37A4419-D45F-421B-AFE2-D113C6AE7743}.Debug|x86.Build.0 = Debug|Any CPU
		{B37A4419-D45F-421B-AFE2-D113C6AE7743}.Release|Any CPU.ActiveCfg = Release|Any CPU
		{B37A4419-D45F-421B-AFE2-D113C6AE7743}.Release|Any CPU.Build.0 = Release|Any CPU
		{B37A4419-D45F-421B-AFE2-D113C6AE7743}.Release|x64.ActiveCfg = Release|Any CPU
		{B37A4419-D45F-421B-AFE2-D113C6AE7743}.Release|x64.Build.0 = Release|Any CPU
		{B37A4419-D45F-421B-AFE2-D113C6AE7743}.Release|x86.ActiveCfg = Release|Any CPU
		{B37A4419-D45F-421B-AFE2-D113C6AE7743}.Release|x86.Build.0 = Release|Any CPU
		{A27D1FB3-E4AC-408F-A463-C05F93964C72}.Debug|Any CPU.ActiveCfg = Debug|Any CPU
		{A27D1FB3-E4AC-408F-A463-C05F93964C72}.Debug|Any CPU.Build.0 = Debug|Any CPU
		{A27D1FB3-E4AC-408F-A463-C05F93964C72}.Debug|x64.ActiveCfg = Debug|Any CPU
		{A27D1FB3-E4AC-408F-A463-C05F93964C72}.Debug|x64.Build.0 = Debug|Any CPU
		{A27D1FB3-E4AC-408F-A463-C05F93964C72}.Debug|x86.ActiveCfg = Debug|Any CPU
		{A27D1FB3-E4AC-408F-A463-C05F93964C72}.Debug|x86.Build.0 = Debug|Any CPU
		{A27D1FB3-E4AC-408F-A463-C05F93964C72}.Release|Any CPU.ActiveCfg = Release|Any CPU
		{A27D1FB3-E4AC-408F-A463-C05F93964C72}.Release|Any CPU.Build.0 = Release|Any CPU
		{A27D1FB3-E4AC-408F-A463-C05F93964C72}.Release|x64.ActiveCfg = Release|Any CPU
		{A27D1FB3-E4AC-408F-A463-C05F93964C72}.Release|x64.Build.0 = Release|Any CPU
		{A27D1FB3-E4AC-408F-A463-C05F93964C72}.Release|x86.ActiveCfg = Release|Any CPU
		{A27D1FB3-E4AC-408F-A463-C05F93964C72}.Release|x86.Build.0 = Release|Any CPU
	EndGlobalSection
EndGlobal
